
Microsoft Visual Studio Solution File, Format Version 12.00
# Visual Studio Version 17
VisualStudioVersion = 17.8.34330.188
MinimumVisualStudioVersion = 10.0.40219.1
Project("{FAE04EC0-301F-11D3-BF4B-00C04F79EFBC}") = "BarcodeApp", "BarcodeApp\BarcodeApp.csproj", "{AEB303F4-59BC-4160-897F-145CAA3ECC67}"
EndProject
Global
	GlobalSection(SolutionConfigurationPlatforms) = preSolution
		Debug|Any CPU = Debug|Any CPU
		Release|Any CPU = Release|Any CPU
	EndGlobalSection
	GlobalSection(ProjectConfigurationPlatforms) = postSolution
		{AEB303F4-59BC-4160-897F-145CAA3ECC67}.Debug|Any CPU.ActiveCfg = Debug|Any CPU
		{AEB303F4-59BC-4160-897F-145CAA3ECC67}.Debug|Any CPU.Build.0 = Debug|Any CPU
		{AEB303F4-59BC-4160-897F-145CAA3ECC67}.Release|Any CPU.ActiveCfg = Release|Any CPU
		{AEB303F4-59BC-4160-897F-145CAA3ECC67}.Release|Any CPU.Build.0 = Release|Any CPU
	EndGlobalSection
	GlobalSection(SolutionProperties) = preSolution
		HideSolutionNode = FALSE
	EndGlobalSection
	GlobalSection(ExtensibilityGlobals) = postSolution
		SolutionGuid = {D31D4EEF-06D7-4168-A8F2-5878398E7864}
	EndGlobalSection
EndGlobal
